
Microsoft Visual Studio Solution File, Format Version 12.00
# Visual Studio 15
VisualStudioVersion = 15.0.28307.271
MinimumVisualStudioVersion = 10.0.40219.1
Project("{9A19103F-16F7-4668-BE54-9A1E7A4F7556}") = "CvService.Api", "CvService.Api\CvService.Api.csproj", "{D0C62E7C-4967-4DC9-9EAB-0D41B51A4CEB}"
EndProject
Project("{9A19103F-16F7-4668-BE54-9A1E7A4F7556}") = "CvService.Repositories", "CvService.Repositories\CvService.Repositories.csproj", "{63BFAE97-BFE4-4217-B166-21CFBE93F934}"
EndProject
Project("{9A19103F-16F7-4668-BE54-9A1E7A4F7556}") = "CvService.Repositories.UnitTests", "CvService.Repositories.UnitTests\CvService.Repositories.UnitTests.csproj", "{414E1BE8-B1D1-49AA-9ADB-567536ED9F15}"
EndProject
Project("{9A19103F-16F7-4668-BE54-9A1E7A4F7556}") = "CvService.Services.UnitTests", "CvService.Services.UnitTests\CvService.Services.UnitTests.csproj", "{2BA8943B-7E48-48DF-A4BA-E8171BEA4D5F}"
EndProject
Project("{2150E333-8FDC-42A3-9474-1A3956D46DE8}") = "Build", "Build", "{4BE3AF65-7645-4477-A06B-279ADD1514AC}"
	ProjectSection(SolutionItems) = preProject
		build.cake = build.cake
	EndProjectSection
EndProject
Project("{2150E333-8FDC-42A3-9474-1A3956D46DE8}") = "Solution Items", "Solution Items", "{4A045328-6452-4AEF-9B10-0D5D37C3C769}"
	ProjectSection(SolutionItems) = preProject
		README.md = README.md
	EndProjectSection
EndProject
Project("{9A19103F-16F7-4668-BE54-9A1E7A4F7556}") = "CvService.Api.IntnTests", "CvService.Api.IntnTests\CvService.Api.IntnTests.csproj", "{61621574-C2B3-4E23-80FE-624AACEF4656}"
EndProject
Project("{9A19103F-16F7-4668-BE54-9A1E7A4F7556}") = "CvService.Services", "CvService.Services\CvService.Services.csproj", "{4C896EB4-3C80-4B52-80C5-9C0F78C6225B}"
EndProject
Project("{9A19103F-16F7-4668-BE54-9A1E7A4F7556}") = "CvService.Tests.Shared", "CvService.Tests.Shared\CvService.Tests.Shared.csproj", "{0630ADB1-AD00-4192-AB75-978F91586102}"
EndProject
Global
	GlobalSection(SolutionConfigurationPlatforms) = preSolution
		Debug|Any CPU = Debug|Any CPU
		Release|Any CPU = Release|Any CPU
	EndGlobalSection
	GlobalSection(ProjectConfigurationPlatforms) = postSolution
		{D0C62E7C-4967-4DC9-9EAB-0D41B51A4CEB}.Debug|Any CPU.ActiveCfg = Debug|Any CPU
		{D0C62E7C-4967-4DC9-9EAB-0D41B51A4CEB}.Debug|Any CPU.Build.0 = Debug|Any CPU
		{D0C62E7C-4967-4DC9-9EAB-0D41B51A4CEB}.Release|Any CPU.ActiveCfg = Release|Any CPU
		{D0C62E7C-4967-4DC9-9EAB-0D41B51A4CEB}.Release|Any CPU.Build.0 = Release|Any CPU
		{63BFAE97-BFE4-4217-B166-21CFBE93F934}.Debug|Any CPU.ActiveCfg = Debug|Any CPU
		{63BFAE97-BFE4-4217-B166-21CFBE93F934}.Debug|Any CPU.Build.0 = Debug|Any CPU
		{63BFAE97-BFE4-4217-B166-21CFBE93F934}.Release|Any CPU.ActiveCfg = Release|Any CPU
		{63BFAE97-BFE4-4217-B166-21CFBE93F934}.Release|Any CPU.Build.0 = Release|Any CPU
		{414E1BE8-B1D1-49AA-9ADB-567536ED9F15}.Debug|Any CPU.ActiveCfg = Debug|Any CPU
		{414E1BE8-B1D1-49AA-9ADB-567536ED9F15}.Debug|Any CPU.Build.0 = Debug|Any CPU
		{414E1BE8-B1D1-49AA-9ADB-567536ED9F15}.Release|Any CPU.ActiveCfg = Release|Any CPU
		{414E1BE8-B1D1-49AA-9ADB-567536ED9F15}.Release|Any CPU.Build.0 = Release|Any CPU
		{2BA8943B-7E48-48DF-A4BA-E8171BEA4D5F}.Debug|Any CPU.ActiveCfg = Debug|Any CPU
		{2BA8943B-7E48-48DF-A4BA-E8171BEA4D5F}.Debug|Any CPU.Build.0 = Debug|Any CPU
		{2BA8943B-7E48-48DF-A4BA-E8171BEA4D5F}.Release|Any CPU.ActiveCfg = Release|Any CPU
		{2BA8943B-7E48-48DF-A4BA-E8171BEA4D5F}.Release|Any CPU.Build.0 = Release|Any CPU
		{61621574-C2B3-4E23-80FE-624AACEF4656}.Debug|Any CPU.ActiveCfg = Debug|Any CPU
		{61621574-C2B3-4E23-80FE-624AACEF4656}.Debug|Any CPU.Build.0 = Debug|Any CPU
		{61621574-C2B3-4E23-80FE-624AACEF4656}.Release|Any CPU.ActiveCfg = Release|Any CPU
		{61621574-C2B3-4E23-80FE-624AACEF4656}.Release|Any CPU.Build.0 = Release|Any CPU
		{4C896EB4-3C80-4B52-80C5-9C0F78C6225B}.Debug|Any CPU.ActiveCfg = Debug|Any CPU
		{4C896EB4-3C80-4B52-80C5-9C0F78C6225B}.Debug|Any CPU.Build.0 = Debug|Any CPU
		{4C896EB4-3C80-4B52-80C5-9C0F78C6225B}.Release|Any CPU.ActiveCfg = Release|Any CPU
		{4C896EB4-3C80-4B52-80C5-9C0F78C6225B}.Release|Any CPU.Build.0 = Release|Any CPU
		{0630ADB1-AD00-4192-AB75-978F91586102}.Debug|Any CPU.ActiveCfg = Debug|Any CPU
		{0630ADB1-AD00-4192-AB75-978F91586102}.Debug|Any CPU.Build.0 = Debug|Any CPU
		{0630ADB1-AD00-4192-AB75-978F91586102}.Release|Any CPU.ActiveCfg = Release|Any CPU
		{0630ADB1-AD00-4192-AB75-978F91586102}.Release|Any CPU.Build.0 = Release|Any CPU
	EndGlobalSection
	GlobalSection(SolutionProperties) = preSolution
		HideSolutionNode = FALSE
	EndGlobalSection
	GlobalSection(ExtensibilityGlobals) = postSolution
		SolutionGuid = {94A64CFA-A4BB-409A-B2B3-45744FB90BD6}
	EndGlobalSection
EndGlobal
